
Microsoft Visual Studio Solution File, Format Version 12.00
# Visual Studio Version 17
VisualStudioVersion = 17.9.34607.119
MinimumVisualStudioVersion = 10.0.40219.1
Project("{8BC9CEB8-8B4A-11D0-8D11-00A0C91BC942}") = "low level lab1", "low level lab1\low level lab1.vcxproj", "{6DAD8890-E051-4959-AAA5-E5A01DC010EA}"
EndProject
Global
	GlobalSection(SolutionConfigurationPlatforms) = preSolution
		Debug|x64 = Debug|x64
		Debug|x86 = Debug|x86
		Release|x64 = Release|x64
		Release|x86 = Release|x86
	EndGlobalSection
	GlobalSection(ProjectConfigurationPlatforms) = postSolution
		{6DAD8890-E051-4959-AAA5-E5A01DC010EA}.Debug|x64.ActiveCfg = Debug|x64
		{6DAD8890-E051-4959-AAA5-E5A01DC010EA}.Debug|x64.Build.0 = Debug|x64
		{6DAD8890-E051-4959-AAA5-E5A01DC010EA}.Debug|x86.ActiveCfg = Debug|Win32
		{6DAD8890-E051-4959-AAA5-E5A01DC010EA}.Debug|x86.Build.0 = Debug|Win32
		{6DAD8890-E051-4959-AAA5-E5A01DC010EA}.Release|x64.ActiveCfg = Release|x64
		{6DAD8890-E051-4959-AAA5-E5A01DC010EA}.Release|x64.Build.0 = Release|x64
		{6DAD8890-E051-4959-AAA5-E5A01DC010EA}.Release|x86.ActiveCfg = Release|Win32
		{6DAD8890-E051-4959-AAA5-E5A01DC010EA}.Release|x86.Build.0 = Release|Win32
	EndGlobalSection
	GlobalSection(SolutionProperties) = preSolution
		HideSolutionNode = FALSE
	EndGlobalSection
	GlobalSection(ExtensibilityGlobals) = postSolution
		SolutionGuid = {E954009E-BA31-4349-AC5A-36B3E2D18E86}
	EndGlobalSection
EndGlobal
